PODS:
  - ActiveLabel (0.8.0)
  - Alamofire (4.5.1)
  - AlamofireImage (3.3.0):
    - Alamofire (~> 4.5)
  - AlamofireObjectMapper (5.0.0):
    - Alamofire (~> 4.1)
    - ObjectMapper (~> 3.0)
  - Bolts (1.8.4):
    - Bolts/AppLinks (= 1.8.4)
    - Bolts/Tasks (= 1.8.4)
  - Bolts/AppLinks (1.8.4):
    - Bolts/Tasks
  - Bolts/Tasks (1.8.4)
  - BubbleTransition (2.0.2)
  - Crashlytics (3.9.3):
    - Fabric (~> 1.7.2)
  - DGElasticPullToRefresh (1.1)
  - ElasticTransition (3.1.1):
    - MotionAnimation (~> 0.1.2)
  - EZAlertController (3.2)
  - Fabric (1.7.2)
  - FacebookCore (0.3.0):
    - Bolts (~> 1.8)
    - FBSDKCoreKit (~> 4.27)
  - FacebookLogin (0.3.0):
    - Bolts (~> 1.8)
    - FacebookCore (~> 0.3)
    - FBSDKCoreKit (~> 4.27)
    - FBSDKLoginKit (~> 4.27)
  - FBSDKCoreKit (4.28.0):
    - Bolts (~> 1.7)
  - FBSDKLoginKit (4.28.0):
    - FBSDKCoreKit
  - FirebaseAnalytics (3.9.0):
    - FirebaseCore (~> 3.6)
    - FirebaseInstanceID (~> 1.0)
    - GoogleToolboxForMac/NSData+zlib (~> 2.1)
  - FirebaseCore (3.6.0):
    - GoogleToolboxForMac/NSData+zlib (~> 2.1)
  - FirebaseInstanceID (1.0.10):
    - FirebaseCore (~> 3.6)
  - Google/Core (3.1.0):
    - FirebaseAnalytics (~> 3.2)
  - Google/SignIn (3.1.0):
    - Google/Core
    - GoogleSignIn (~> 4.0)
  - GoogleSignIn (4.1.1):
    - GoogleToolboxForMac/NSDictionary+URLArguments (~> 2.1)
    - GoogleToolboxForMac/NSString+URLArguments (~> 2.1)
    - GTMOAuth2 (~> 1.0)
    - GTMSessionFetcher/Core (~> 1.1)
  - GoogleToolboxForMac/DebugUtils (2.1.3):
    - GoogleToolboxForMac/Defines (= 2.1.3)
  - GoogleToolboxForMac/Defines (2.1.3)
  - GoogleToolboxForMac/NSData+zlib (2.1.3):
    - GoogleToolboxForMac/Defines (= 2.1.3)
  - GoogleToolboxForMac/NSDictionary+URLArguments (2.1.3):
    - GoogleToolboxForMac/DebugUtils (= 2.1.3)
    - GoogleToolboxForMac/Defines (= 2.1.3)
    - GoogleToolboxForMac/NSString+URLArguments (= 2.1.3)
  - GoogleToolboxForMac/NSString+URLArguments (2.1.3)
  - GTMOAuth2 (1.1.5):
    - GTMSessionFetcher (~> 1.1)
  - GTMSessionFetcher (1.1.12):
    - GTMSessionFetcher/Full (= 1.1.12)
  - GTMSessionFetcher/Core (1.1.12)
  - GTMSessionFetcher/Full (1.1.12):
    - GTMSessionFetcher/Core (= 1.1.12)
  - GTProgressBar (0.2.3)
  - Haptica (2.0.0)
  - Hero (1.0.1)
  - JSONWebToken (2.2.0)
  - lottie-ios (2.1.4)
  - M13ProgressSuite (1.2.9)
  - markymark (4.0.1)
  - MarqueeLabel/Swift (3.1.3)
  - MGSwipeTableCell (1.6.6)
  - MJCalendar (0.4.0):
    - NSDate-Escort (~> 1.5)
    - UIView+JMFrame
  - MotionAnimation (0.1.2)
  - NotificationBannerSwift (1.5.1):
    - MarqueeLabel/Swift
    - SnapKit (~> 4.0)
  - NSDate-Escort (1.8.2)
  - ObjectMapper (3.1.0)
  - ReachabilitySwift (4.1.0)
  - Realm (3.0.2):
    - Realm/Headers (= 3.0.2)
  - Realm/Headers (3.0.2)
  - RealmSwift (3.0.2):
    - Realm (= 3.0.2)
  - RSKImageCropper (1.6.3)
  - ScrollableGraphView (4.0.4)
  - SnapKit (4.0.0)
  - STPopup (1.8.3)
  - SwiftRichString (1.0.1)
  - SwiftyJSON (4.0.0)
  - TwitterCore (2.8.0):
    - Fabric
  - TwitterKit (2.8.1):
    - TwitterCore (>= 2.8)
  - UIView+JMFrame (0.1.2)
  - URLNavigator (2.0.2)
  - Whisper (6.0.2)

DEPENDENCIES:
  - ActiveLabel (from `https://github.com/sherwinzadeh/ActiveLabel.swift`, commit `4bec2dae617cca42263b9b6efc84e8f4822cc4ad`)
  - Alamofire (~> 4.0)
  - AlamofireImage
  - AlamofireObjectMapper
  - BubbleTransition
  - Crashlytics
  - DGElasticPullToRefresh (from `https://github.com/cristipetra/DGElasticPullToRefresh.git`)
  - ElasticTransition (from `https://github.com/cristipetra/ElasticTransition`)
  - EZAlertController
  - Fabric
  - FacebookCore
  - FacebookLogin
  - Google/SignIn
  - GTProgressBar
  - Haptica
  - Hero
  - JSONWebToken
  - lottie-ios
  - M13ProgressSuite
  - markymark
  - MGSwipeTableCell
  - MJCalendar (from `https://github.com/cristipetra/MJCalendar`)
  - MotionAnimation (from `https://github.com/cristipetra/MotionAnimation`)
  - NotificationBannerSwift
  - ObjectMapper
  - ReachabilitySwift
  - RealmSwift
  - RSKImageCropper
  - ScrollableGraphView (from `https://github.com/cristipetra/ScrollableGraphView`)
  - SnapKit
  - STPopup
  - SwiftRichString
  - SwiftyJSON
  - TwitterCore (~> 2.8.0)
  - TwitterKit (~> 2.8.1)
  - URLNavigator
  - Whisper

EXTERNAL SOURCES:
  ActiveLabel:
    :commit: 4bec2dae617cca42263b9b6efc84e8f4822cc4ad
    :git: https://github.com/sherwinzadeh/ActiveLabel.swift
  DGElasticPullToRefresh:
    :git: https://github.com/cristipetra/DGElasticPullToRefresh.git
  ElasticTransition:
    :git: https://github.com/cristipetra/ElasticTransition
  MJCalendar:
    :git: https://github.com/cristipetra/MJCalendar
  MotionAnimation:
    :git: https://github.com/cristipetra/MotionAnimation
  ScrollableGraphView:
    :git: https://github.com/cristipetra/ScrollableGraphView

CHECKOUT OPTIONS:
  ActiveLabel:
    :commit: 4bec2dae617cca42263b9b6efc84e8f4822cc4ad
    :git: https://github.com/sherwinzadeh/ActiveLabel.swift
  DGElasticPullToRefresh:
    :commit: f7ac34237638e1b96c7d8aaf88880bac62113a5c
    :git: https://github.com/cristipetra/DGElasticPullToRefresh.git
  ElasticTransition:
    :commit: 477d767987b8bdd50f9e1f977b33f8c3465b601d
    :git: https://github.com/cristipetra/ElasticTransition
  MJCalendar:
    :commit: d656b478558afa572e961bcfb69d12546d2727f6
    :git: https://github.com/cristipetra/MJCalendar
  MotionAnimation:
    :commit: 3b47a5ba70b4186ddc17476079b28130b82c443f
    :git: https://github.com/cristipetra/MotionAnimation
  ScrollableGraphView:
    :commit: b13c6c43b0bd313269e14fb4f4665c4d3115a863
    :git: https://github.com/cristipetra/ScrollableGraphView

SPEC CHECKSUMS:
  ActiveLabel: c32bb6a81accc4a4c2dcab2d685036fcad537783
  Alamofire: 2d95912bf4c34f164fdfc335872e8c312acaea4a
  AlamofireImage: 2e784dc5d00f04903a52c1d169181469c805c3df
  AlamofireObjectMapper: 5fafc816351cbbc0d486611aaeba7461c0cbad49
  Bolts: 8a7995239dbe724f9cba2248b766d48b7ebdd322
  BubbleTransition: 7d98ed7d56f0940e83f350a98103ad473491c769
  Crashlytics: dbb07d01876c171c5ccbdf7826410380189e452c
  DGElasticPullToRefresh: 28f11a6026302a90f8ffebbc6e24748e584dddd3
  ElasticTransition: 72405dae44324293360776bb7f6579cdab428dd4
  EZAlertController: 633be01320bed47720be54054df47667d61c2481
  Fabric: 9cd6a848efcf1b8b07497e0b6a2e7d336353ba15
  FacebookCore: 3ffa190a3f1f96cec0e44d3fc221bc322c595ffa
  FacebookLogin: 0af839ea858faef99550d16596b87b4a8e8906e6
  FBSDKCoreKit: ca961e279113f691fd83dc634c0bbad9d4e3f370
  FBSDKLoginKit: b077381c27d800f21661757e8140cf2c80a91e4a
  FirebaseAnalytics: e5fe8486efc01bec33f6bf82e2fa9fce4b124052
  FirebaseCore: 9691ee2ade70c098d7cf92440f4303f16d83ca75
  FirebaseInstanceID: b9eedd6846fb5e1f0f7279e1deaa7a7e4cf8392e
  Google: 98da4b1a60ed0beb80a290387a28333406a1eb90
  GoogleSignIn: 3fdaa34a2ba04dbd7a25d7db39aecb0da98d5bdc
  GoogleToolboxForMac: 2501e2ad72a52eb3dfe7bd9aee7dad11b858bd20
  GTMOAuth2: be83fd28d63ae3087e7d351b1f39c1a7e24ab6e7
  GTMSessionFetcher: ebaa1f79a5366922c1735f1566901f50beba23b7
  GTProgressBar: ecfa9f2dfaca1b9b35811925f5bd53516ee591ae
  Haptica: ed63c31f32f2aa17ecb479c110dd50904497bf5d
  Hero: cee286821578e170d8c0c9c9cda7897357401112
  JSONWebToken: 6fae32489632658d563dd6952a5c34020ea813e4
  lottie-ios: 94fa2d82547ce3adf1e61157653ba99999fd279f
  M13ProgressSuite: ea9f7263e73e9215e6849dfa54e29ee0ad6a145c
  markymark: c2d2d2b8ddfb09acf5153e5c86291f2624350b58
  MarqueeLabel: baa5753dcbd36dca080e1f5c589a665aa5c906f1
  MGSwipeTableCell: c3bc6e261e7bc06c112909fe3fb8205de286082c
  MJCalendar: a529b085b0b988ae7b493ce7c000946cc186bf0e
  MotionAnimation: 0257eb90f766f6d58c70524f956faf8d56c5e7bf
  NotificationBannerSwift: 666e6c392238561c17a52db4c50e6f00d9942e0d
  NSDate-Escort: c79db277a401c0ad219acd295ec17c7b4f61266f
  ObjectMapper: 20505058f54e5c3ca69e1d6de9897d152a5369a6
  ReachabilitySwift: 6849231cd4e06559f3b9ef4a97a0a0f96d41e09f
  Realm: 6f23fd1f178a09342eac21bfa7c2bf4312a7a180
  RealmSwift: 695393add1b8f9d5fa75dd16e6355cf3935f71e2
  RSKImageCropper: 356e36fc58c57c371b5d8b23d603936d6a73df6c
  ScrollableGraphView: abac54d3493a5a198ade4baf4879967183af8a2c
  SnapKit: a42d492c16e80209130a3379f73596c3454b7694
  STPopup: da1167250a01584af7bcccb898653185f223ec46
  SwiftRichString: 2111627a29af277094a9e5d4d1bf6bfe0b8212ac
  SwiftyJSON: 070dabdcb1beb81b247c65ffa3a79dbbfb3b48aa
  TwitterCore: e959987be23c767004d29eb7fab8d85d8585a2e5
  TwitterKit: 3b6044a7320340326a4098f3e37aa1dbaeb94942
  UIView+JMFrame: a907974c9d34b1c300aef85ae2a1a5af746f2b8a
  URLNavigator: 91f4f1b52f5e8117baca758ba642b26069d72056
  Whisper: 169760fc4bab0abf24d5529f9276f95c25cf1025

PODFILE CHECKSUM: 771c9faeeec5f7cc61ea98480b30beea19c6ce07

COCOAPODS: 1.3.1
