PODS:
  - ActiveLabel (0.7.1)
  - Alamofire (4.5.1)
  - AlamofireImage (3.3.0):
    - Alamofire (~> 4.5)
  - AlamofireObjectMapper (4.1.0):
    - Alamofire (~> 4.1)
    - ObjectMapper (~> 2.0)
  - Bolts (1.8.4):
    - Bolts/AppLinks (= 1.8.4)
    - Bolts/Tasks (= 1.8.4)
  - Bolts/AppLinks (1.8.4):
    - Bolts/Tasks
  - Bolts/Tasks (1.8.4)
  - BubbleTransition (2.0.2)
  - Crashlytics (3.8.6):
    - Fabric (~> 1.6.3)
  - DGElasticPullToRefresh (1.1)
  - ElasticTransition (3.1.1):
    - MotionAnimation (~> 0.1.2)
  - EZAlertController (3.2)
  - Fabric (1.6.13)
  - FacebookCore (0.2.0):
    - Bolts (~> 1.8)
    - FBSDKCoreKit (~> 4.15)
  - FacebookLogin (0.2.0):
    - Bolts (~> 1.8)
    - FacebookCore (~> 0.2)
    - FBSDKCoreKit (~> 4.15)
    - FBSDKLoginKit (~> 4.15)
  - FBSDKCoreKit (4.26.0):
    - Bolts (~> 1.7)
  - FBSDKLoginKit (4.26.0):
    - FBSDKCoreKit
  - FirebaseAnalytics (3.9.0):
    - FirebaseCore (~> 3.6)
    - FirebaseInstanceID (~> 1.0)
    - GoogleToolboxForMac/NSData+zlib (~> 2.1)
  - FirebaseCore (3.6.0):
    - GoogleToolboxForMac/NSData+zlib (~> 2.1)
  - FirebaseInstanceID (1.0.10):
    - FirebaseCore (~> 3.6)
  - Google/Core (3.1.0):
    - FirebaseAnalytics (~> 3.2)
  - Google/SignIn (3.1.0):
    - Google/Core
    - GoogleSignIn (~> 4.0)
  - GoogleSignIn (4.1.0):
    - GoogleToolboxForMac/NSDictionary+URLArguments (~> 2.1)
    - GoogleToolboxForMac/NSString+URLArguments (~> 2.1)
    - GTMOAuth2 (~> 1.0)
    - GTMSessionFetcher/Core (~> 1.1)
  - GoogleToolboxForMac/DebugUtils (2.1.1):
    - GoogleToolboxForMac/Defines (= 2.1.1)
  - GoogleToolboxForMac/Defines (2.1.1)
  - GoogleToolboxForMac/NSData+zlib (2.1.1):
    - GoogleToolboxForMac/Defines (= 2.1.1)
  - GoogleToolboxForMac/NSDictionary+URLArguments (2.1.1):
    - GoogleToolboxForMac/DebugUtils (= 2.1.1)
    - GoogleToolboxForMac/Defines (= 2.1.1)
    - GoogleToolboxForMac/NSString+URLArguments (= 2.1.1)
  - GoogleToolboxForMac/NSString+URLArguments (2.1.1)
  - GTMOAuth2 (1.1.5):
    - GTMSessionFetcher (~> 1.1)
  - GTMSessionFetcher (1.1.11):
    - GTMSessionFetcher/Full (= 1.1.11)
  - GTMSessionFetcher/Core (1.1.11)
  - GTMSessionFetcher/Full (1.1.11):
    - GTMSessionFetcher/Core (= 1.1.11)
  - GTProgressBar (0.2.0)
  - Hero (1.0.0-alpha.4)
  - JSONWebToken (2.2.0)
  - lottie-ios (2.1.3)
  - M13ProgressSuite (1.2.9)
  - MarqueeLabel/Swift (3.1.3)
  - MGSwipeTableCell (1.6.1)
  - MJCalendar (0.4.0):
    - NSDate-Escort (~> 1.5)
    - UIView+JMFrame
  - MotionAnimation (0.1.2)
  - NotificationBannerSwift (1.4.5):
    - MarqueeLabel/Swift
    - SnapKit (~> 3.2)
  - NSDate-Escort (1.8.2)
  - ObjectMapper (2.2.9)
  - Reachability (3.2)
  - Realm (2.10.1):
    - Realm/Headers (= 2.10.1)
  - Realm/Headers (2.10.1)
  - RealmSwift (2.10.1):
    - Realm (= 2.10.1)
  - RSKImageCropper (1.6.3)
  - ScrollableGraphView (4.0.4)
  - SnapKit (3.2.0)
  - STPopup (1.8.3)
  - SwiftRichString (0.9.10)
  - SwiftyJSON (3.1.4)
  - TwitterCore (2.8.0):
    - Fabric
  - TwitterKit (2.8.1):
    - TwitterCore (>= 2.8)
  - UIView+JMFrame (0.1.2)
  - Whisper (5.0.0)

DEPENDENCIES:
  - ActiveLabel
  - Alamofire (~> 4.0)
  - AlamofireImage
  - AlamofireObjectMapper (~> 4.0)
  - BubbleTransition
  - Crashlytics
  - DGElasticPullToRefresh
  - ElasticTransition (from `https://github.com/ionutboanta/ElasticTransition`)
  - EZAlertController
  - Fabric
  - FacebookCore
  - FacebookLogin
  - Google/SignIn
  - GTProgressBar
  - Hero (= 1.0.0-alpha.4)
  - JSONWebToken
  - lottie-ios
  - M13ProgressSuite
  - MGSwipeTableCell
  - MJCalendar (from `https://github.com/cristipetra/MJCalendar`)
  - NotificationBannerSwift
  - ObjectMapper
  - Reachability
  - RealmSwift
  - RSKImageCropper
  - ScrollableGraphView
  - SnapKit (~> 3.2.0)
  - STPopup
  - SwiftRichString (~> 0.9.9)
  - SwiftyJSON
  - TwitterCore (~> 2.8.0)
  - TwitterKit (~> 2.8.1)
  - Whisper

EXTERNAL SOURCES:
  ElasticTransition:
    :git: https://github.com/ionutboanta/ElasticTransition
  MJCalendar:
    :git: https://github.com/cristipetra/MJCalendar

CHECKOUT OPTIONS:
  ElasticTransition:
    :commit: f74997bc1520b017f3e6ca986c618bf54ab9befb
    :git: https://github.com/ionutboanta/ElasticTransition
  MJCalendar:
    :commit: 20f49bef6688334a801fd145b2e36399caeddb19
    :git: https://github.com/cristipetra/MJCalendar

SPEC CHECKSUMS:
  ActiveLabel: 68625f22775f51c31bb691ca8de20f1e5a3bc825
  Alamofire: 2d95912bf4c34f164fdfc335872e8c312acaea4a
  AlamofireImage: 2e784dc5d00f04903a52c1d169181469c805c3df
  AlamofireObjectMapper: 435adc82f5b367679bd9e71c4974a54efd0b2521
  Bolts: 8a7995239dbe724f9cba2248b766d48b7ebdd322
  BubbleTransition: 7d98ed7d56f0940e83f350a98103ad473491c769
  Crashlytics: 95d05f4e4c19a771250c4bd9ce344d996de32bbf
  DGElasticPullToRefresh: 28f11a6026302a90f8ffebbc6e24748e584dddd3
  ElasticTransition: 72405dae44324293360776bb7f6579cdab428dd4
  EZAlertController: 633be01320bed47720be54054df47667d61c2481
  Fabric: 2fb5676bc811af011a04513451f463dac6803206
  FacebookCore: 2cb3f0fbff218e9d3119cec84bae983b232412de
  FacebookLogin: c9d606504735780a9e3002465a615512e0a691a5
  FBSDKCoreKit: c8b8582311ec11b145451d8b9717dc6cc2ae5a76
  FBSDKLoginKit: f3f03b94c21eb834af243c0a881d48641f47ca60
  FirebaseAnalytics: e5fe8486efc01bec33f6bf82e2fa9fce4b124052
  FirebaseCore: 9691ee2ade70c098d7cf92440f4303f16d83ca75
  FirebaseInstanceID: b9eedd6846fb5e1f0f7279e1deaa7a7e4cf8392e
  Google: 98da4b1a60ed0beb80a290387a28333406a1eb90
  GoogleSignIn: 8c599fc10d25b2af86a3f82fd9631e863f2b1400
  GoogleToolboxForMac: 8e329f1b599f2512c6b10676d45736bcc2cbbeb0
  GTMOAuth2: be83fd28d63ae3087e7d351b1f39c1a7e24ab6e7
  GTMSessionFetcher: 5ad62e8200fa00ed011fe5e08d27fef72c5b1429
  GTProgressBar: 5db7054f6069100d871cde5a3149eb708fc348c5
  Hero: 6ab58fdfb16c75ce9c6bfad48ef6abb54780b263
  JSONWebToken: 6fae32489632658d563dd6952a5c34020ea813e4
  lottie-ios: 8c150606598931621e927377f1426d2d3e99282d
  M13ProgressSuite: ea9f7263e73e9215e6849dfa54e29ee0ad6a145c
  MarqueeLabel: baa5753dcbd36dca080e1f5c589a665aa5c906f1
  MGSwipeTableCell: 19a1d65dcc1ceaea42eb44bb2adae32101904514
  MJCalendar: a529b085b0b988ae7b493ce7c000946cc186bf0e
  MotionAnimation: ff5c8fc2e429d7e10d46ae86819ba9759846c343
  NotificationBannerSwift: 8e0d142c34406800e5a98d1535fbfca43da49f17
  NSDate-Escort: c79db277a401c0ad219acd295ec17c7b4f61266f
  ObjectMapper: 63cfe41bc6f8e7c8f44344c49901b8ae7de14c52
  Reachability: 33e18b67625424e47b6cde6d202dce689ad7af96
  Realm: fc7a317a5c2c9ba91f5f235ede4e2ea76e9eba0c
  RealmSwift: 505ed6c15942a2e76f5cfa78a8667cfa997ee75b
  RSKImageCropper: 356e36fc58c57c371b5d8b23d603936d6a73df6c
  ScrollableGraphView: 072ea302f4ca27779692656a49d51fe537b2b1e7
  SnapKit: 1ca44df72cfa543218d177cb8aab029d10d86ea7
  STPopup: da1167250a01584af7bcccb898653185f223ec46
  SwiftRichString: 1e31aec5666feea03f802f41fc237160cf7119b6
  SwiftyJSON: c2842d878f95482ffceec5709abc3d05680c0220
  TwitterCore: e959987be23c767004d29eb7fab8d85d8585a2e5
  TwitterKit: 3b6044a7320340326a4098f3e37aa1dbaeb94942
  UIView+JMFrame: a907974c9d34b1c300aef85ae2a1a5af746f2b8a
  Whisper: 051f25e704bf8992641ffd28b20d5682ddc5f5d3

PODFILE CHECKSUM: 8a050c4ad63f3eece4cc993237d326cb48963932

COCOAPODS: 1.4.0.beta.1
