PODS:
  - Alamofire (4.4.0)
  - Chatto (3.0.1)
  - ChattoAdditions (3.0.1):
    - Chatto
  - Crashlytics (3.8.4):
    - Fabric (~> 1.6.3)
  - CryptoSwift (0.6.9)
  - DGElasticPullToRefresh (1.1)
  - Fabric (1.6.11)
  - FirebaseAnalytics (3.9.0):
    - FirebaseCore (~> 3.6)
    - FirebaseInstanceID (~> 1.0)
    - GoogleToolboxForMac/NSData+zlib (~> 2.1)
  - FirebaseCore (3.6.0):
    - GoogleToolboxForMac/NSData+zlib (~> 2.1)
  - FirebaseInstanceID (1.0.10):
    - FirebaseCore (~> 3.6)
  - Google/Core (3.0.3):
    - FirebaseAnalytics (~> 3.2)
  - Google/SignIn (3.0.3):
    - Google/Core
    - GoogleSignIn (~> 4.0)
  - GoogleSignIn (4.0.2):
    - GoogleToolboxForMac/NSDictionary+URLArguments (~> 2.1)
    - GoogleToolboxForMac/NSString+URLArguments (~> 2.1)
    - GTMOAuth2 (~> 1.0)
    - GTMSessionFetcher/Core (~> 1.1)
  - GoogleToolboxForMac/DebugUtils (2.1.1):
    - GoogleToolboxForMac/Defines (= 2.1.1)
  - GoogleToolboxForMac/Defines (2.1.1)
  - GoogleToolboxForMac/NSData+zlib (2.1.1):
    - GoogleToolboxForMac/Defines (= 2.1.1)
  - GoogleToolboxForMac/NSDictionary+URLArguments (2.1.1):
    - GoogleToolboxForMac/DebugUtils (= 2.1.1)
    - GoogleToolboxForMac/Defines (= 2.1.1)
    - GoogleToolboxForMac/NSString+URLArguments (= 2.1.1)
  - GoogleToolboxForMac/NSString+URLArguments (2.1.1)
  - GTMOAuth2 (1.1.4):
    - GTMSessionFetcher (~> 1.1)
  - GTMSessionFetcher (1.1.9):
    - GTMSessionFetcher/Full (= 1.1.9)
  - GTMSessionFetcher/Core (1.1.9)
  - GTMSessionFetcher/Full (1.1.9):
    - GTMSessionFetcher/Core (= 1.1.9)
  - JSONWebToken (2.1.1):
    - CryptoSwift (~> 0.6.1)
  - MGSwipeTableCell (1.5.6)
  - Realm (2.7.0):
    - Realm/Headers (= 2.7.0)
  - Realm/Headers (2.7.0)
  - RealmSwift (2.7.0):
    - Realm (= 2.7.0)
  - RSKImageCropper (1.6.1)
  - STPopup (1.8.2)
  - TwitterCore (2.8.0):
    - Fabric
  - TwitterKit (2.8.1):
    - TwitterCore (>= 2.8)

DEPENDENCIES:
  - Alamofire (~> 4.0)
  - Chatto (from `https://github.com/badoo/Chatto.git`, branch `master`)
  - ChattoAdditions (from `https://github.com/badoo/Chatto.git`, branch `master`)
  - Crashlytics
  - DGElasticPullToRefresh
  - Fabric
  - Google/SignIn
  - JSONWebToken
  - MGSwipeTableCell
  - RealmSwift
  - RSKImageCropper
  - STPopup
  - TwitterKit

EXTERNAL SOURCES:
  Chatto:
    :branch: master
    :git: https://github.com/badoo/Chatto.git
  ChattoAdditions:
    :branch: master
    :git: https://github.com/badoo/Chatto.git

CHECKOUT OPTIONS:
  Chatto:
    :commit: 46361a9a52eba9d0f9b9f8e261cf6a14a5d011d8
    :git: https://github.com/badoo/Chatto.git
  ChattoAdditions:
    :commit: 46361a9a52eba9d0f9b9f8e261cf6a14a5d011d8
    :git: https://github.com/badoo/Chatto.git

SPEC CHECKSUMS:
  Alamofire: dc44b1600b800eb63da6a19039a0083d62a6a62d
  Chatto: 760a1577da85ce75821fc5a4ecdd89c17fab2cd7
  ChattoAdditions: e44d3aaf236af16735c58c711d289250d4bc85f7
  Crashlytics: 79e236942ca1e7fc641df1feb9a275360a78ab6a
  CryptoSwift: a22f6ba238e9ce4d26ee7bf45b9ed82e7122d4a0
  DGElasticPullToRefresh: 28f11a6026302a90f8ffebbc6e24748e584dddd3
  Fabric: 5911403591946b8228ab1c51d98f1d7137e863c6
  FirebaseAnalytics: e5fe8486efc01bec33f6bf82e2fa9fce4b124052
  FirebaseCore: 9691ee2ade70c098d7cf92440f4303f16d83ca75
  FirebaseInstanceID: b9eedd6846fb5e1f0f7279e1deaa7a7e4cf8392e
  Google: 813c467362eabc11385f5a5cc9ad0cb651a58f4e
  GoogleSignIn: d7ad83f13480e1f30453471d00d19b5293ac46af
  GoogleToolboxForMac: 8e329f1b599f2512c6b10676d45736bcc2cbbeb0
  GTMOAuth2: 7fc9c10f5c745f4d9850419ea88889fe3baa6b7d
  GTMSessionFetcher: 5c046c76a1f859bc9c187e918f18e4fc7bb57b5e
  JSONWebToken: 21a2c3ea5f034882e90f28c656ffce0396155907
  MGSwipeTableCell: 616700eb0ffd1c611ba909066cb7fd739790a0a7
  Realm: 07e5d3a9e0e41d65fd5f9f05150ed6295d0f093b
  RealmSwift: 6d06425d3900c86473c4f323bf6949b43fca22bc
  RSKImageCropper: 0df8c99e77a8ea7ca7a8b83ef468556f31584254
  STPopup: b69b3e7484ef7d2baec5f9ab2939f8a7bcdfe218
  TwitterCore: e959987be23c767004d29eb7fab8d85d8585a2e5
  TwitterKit: 3b6044a7320340326a4098f3e37aa1dbaeb94942

PODFILE CHECKSUM: 572e6ab2ee7f23e94e8be132bf1b531ce21090e9

COCOAPODS: 1.2.1
